// !$*UTF8*$!
{
	archiveVersion = 1;
	classes = {
	};
	objectVersion = 77;
	objects = {

/* Begin PBXBuildFile section */
		38515082DFB8482222AB4284 /* ServerPickerView.swift in Sources */ = {isa = PBXBuildFile; fileRef = 7985E1BE5CEDFED0D60DE403 /* ServerPickerView.swift */; };
		4CADAF3E6B62BA9EF7233FDB /* MikanProtocol in Frameworks */ = {isa = PBXBuildFile; productRef = 92F7A56EF7DDFA61E02BE4F9 /* MikanProtocol */; };
		AE50597783BBC65EFE2646E0 /* MikanRemoteApp.swift in Sources */ = {isa = PBXBuildFile; fileRef = 4B32F668EA57D99A12C48EC8 /* MikanRemoteApp.swift */; };
		CE58C880560453EF3AEDE23C /* TrackpadView.swift in Sources */ = {isa = PBXBuildFile; fileRef = DBB3B9666FAF9C28B56FC062 /* TrackpadView.swift */; };
		E14ECC0280D45AE98CDA75CB /* ContentView.swift in Sources */ = {isa = PBXBuildFile; fileRef = EF2EC16723F3F73D57BB88E8 /* ContentView.swift */; };
		F416BD685D991EEE06AA9D47 /* ConnectionManager.swift in Sources */ = {isa = PBXBuildFile; fileRef = 68D501735732C0F3972B840E /* ConnectionManager.swift */; };
/* End PBXBuildFile section */

/* Begin PBXFileReference section */
		16C11006B0EF45589B98CFFB /* Info.plist */ = {isa = PBXFileReference; lastKnownFileType = text.plist; path = Info.plist; sourceTree = "<group>"; };
		4B32F668EA57D99A12C48EC8 /* MikanRemoteApp.swift */ = {isa = PBXFileReference; lastKnownFileType = sourcecode.swift; path = MikanRemoteApp.swift; sourceTree = "<group>"; };
		68D501735732C0F3972B840E /* ConnectionManager.swift */ = {isa = PBXFileReference; lastKnownFileType = sourcecode.swift; path = ConnectionManager.swift; sourceTree = "<group>"; };
		7985E1BE5CEDFED0D60DE403 /* ServerPickerView.swift */ = {isa = PBXFileReference; lastKnownFileType = sourcecode.swift; path = ServerPickerView.swift; sourceTree = "<group>"; };
		C658FD130883DAE53A7B72B9 /* MikanRemote.app */ = {isa = PBXFileReference; includeInIndex = 0; lastKnownFileType = wrapper.application; path = MikanRemote.app; sourceTree = BUILT_PRODUCTS_DIR; };
		DBB3B9666FAF9C28B56FC062 /* TrackpadView.swift */ = {isa = PBXFileReference; lastKnownFileType = sourcecode.swift; path = TrackpadView.swift; sourceTree = "<group>"; };
		EF2EC16723F3F73D57BB88E8 /* ContentView.swift */ = {isa = PBXFileReference; lastKnownFileType = sourcecode.swift; path = ContentView.swift; sourceTree = "<group>"; };
		F81E16098698A4D19E486103 /* MikanProtocol */ = {isa = PBXFileReference; lastKnownFileType = folder; name = MikanProtocol; path = ../MikanProtocol; sourceTree = SOURCE_ROOT; };
/* End PBXFileReference section */

/* Begin PBXFrameworksBuildPhase section */
		63AB6B59BF645A8485518A32 /* Frameworks */ = {
			isa = PBXFrameworksBuildPhase;
			buildActionMask = 2147483647;
			files = (
				4CADAF3E6B62BA9EF7233FDB /* MikanProtocol in Frameworks */,
			);
			runOnlyForDeploymentPostprocessing = 0;
		};
/* End PBXFrameworksBuildPhase section */

/* Begin PBXGroup section */
		24F8BA9415AF665A600143E4 /* Packages */ = {
			isa = PBXGroup;
			children = (
				F81E16098698A4D19E486103 /* MikanProtocol */,
			);
			name = Packages;
			sourceTree = "<group>";
		};
		3685D6D05E7E934B7EB380DE /* MikanRemote */ = {
			isa = PBXGroup;
			children = (
				68D501735732C0F3972B840E /* ConnectionManager.swift */,
				EF2EC16723F3F73D57BB88E8 /* ContentView.swift */,
				16C11006B0EF45589B98CFFB /* Info.plist */,
				4B32F668EA57D99A12C48EC8 /* MikanRemoteApp.swift */,
				7985E1BE5CEDFED0D60DE403 /* ServerPickerView.swift */,
				DBB3B9666FAF9C28B56FC062 /* TrackpadView.swift */,
			);
			path = MikanRemote;
			sourceTree = "<group>";
		};
		E3B0AFFC4B49F9378A482FD9 = {
			isa = PBXGroup;
			children = (
				3685D6D05E7E934B7EB380DE /* MikanRemote */,
				24F8BA9415AF665A600143E4 /* Packages */,
				F6C1783F3252DAF99FD36985 /* Products */,
			);
			sourceTree = "<group>";
		};
		F6C1783F3252DAF99FD36985 /* Products */ = {
			isa = PBXGroup;
			children = (
				C658FD130883DAE53A7B72B9 /* MikanRemote.app */,
			);
			name = Products;
			sourceTree = "<group>";
		};
/* End PBXGroup section */

/* Begin PBXNativeTarget section */
		DBEE1861120F2856CA1406D6 /* MikanRemote */ = {
			isa = PBXNativeTarget;
			buildConfigurationList = D109220981829E92FD594B44 /* Build configuration list for PBXNativeTarget "MikanRemote" */;
			buildPhases = (
				81C8167CC3E8DEA5DBC3C9DF /* Sources */,
				63AB6B59BF645A8485518A32 /* Frameworks */,
			);
			buildRules = (
			);
			dependencies = (
			);
			name = MikanRemote;
			packageProductDependencies = (
				92F7A56EF7DDFA61E02BE4F9 /* MikanProtocol */,
			);
			productName = MikanRemote;
			productReference = C658FD130883DAE53A7B72B9 /* MikanRemote.app */;
			productType = "com.apple.product-type.application";
		};
/* End PBXNativeTarget section */

/* Begin PBXProject section */
		317C3FB5B21AB3351F106C34 /* Project object */ = {
			isa = PBXProject;
			attributes = {
				BuildIndependentTargetsInParallel = YES;
				LastUpgradeCheck = 1500;
				TargetAttributes = {
				};
			};
			buildConfigurationList = 88291F44BEF1A3C56C73B235 /* Build configuration list for PBXProject "MikanRemote" */;
			developmentRegion = en;
			hasScannedForEncodings = 0;
			knownRegions = (
				Base,
				en,
			);
			mainGroup = E3B0AFFC4B49F9378A482FD9;
			minimizedProjectReferenceProxies = 1;
			packageReferences = (
				DE4EFE2949918DF2999ED141 /* XCLocalSwiftPackageReference "../MikanProtocol" */,
			);
			preferredProjectObjectVersion = 77;
			productRefGroup = F6C1783F3252DAF99FD36985 /* Products */;
			projectDirPath = "";
			projectRoot = "";
			targets = (
				DBEE1861120F2856CA1406D6 /* MikanRemote */,
			);
		};
/* End PBXProject section */

/* Begin PBXSourcesBuildPhase section */
		81C8167CC3E8DEA5DBC3C9DF /* Sources */ = {
			isa = PBXSourcesBuildPhase;
			buildActionMask = 2147483647;
			files = (
				F416BD685D991EEE06AA9D47 /* ConnectionManager.swift in Sources */,
				E14ECC0280D45AE98CDA75CB /* ContentView.swift in Sources */,
				AE50597783BBC65EFE2646E0 /* MikanRemoteApp.swift in Sources */,
				38515082DFB8482222AB4284 /* ServerPickerView.swift in Sources */,
				CE58C880560453EF3AEDE23C /* TrackpadView.swift in Sources */,
			);
			runOnlyForDeploymentPostprocessing = 0;
		};
/* End PBXSourcesBuildPhase section */

/* Begin XCBuildConfiguration section */
		5E1D03F434DD46EC00CE2886 /* Release */ = {
			isa = XCBuildConfiguration;
			buildSettings = {
				ASSETCATALOG_COMPILER_APPICON_NAME = AppIcon;
				CODE_SIGN_IDENTITY = "iPhone Developer";
				INFOPLIST_FILE = MikanRemote/Info.plist;
				IPHONEOS_DEPLOYMENT_TARGET = 17.0;
				LD_RUNPATH_SEARCH_PATHS = (
					"$(inherited)",
					"@executable_path/Frameworks",
				);
				PRODUCT_BUNDLE_IDENTIFIER = com.mikan.MikanRemote;
				SDKROOT = iphoneos;
				SWIFT_VERSION = 5.9;
				TARGETED_DEVICE_FAMILY = "1,2";
			};
			name = Release;
		};
		A7E476E30A00C72854064720 /* Debug */ = {
			isa = XCBuildConfiguration;
			buildSettings = {
				ASSETCATALOG_COMPILER_APPICON_NAME = AppIcon;
				CODE_SIGN_IDENTITY = "iPhone Developer";
				INFOPLIST_FILE = MikanRemote/Info.plist;
				IPHONEOS_DEPLOYMENT_TARGET = 17.0;
				LD_RUNPATH_SEARCH_PATHS = (
					"$(inherited)",
					"@executable_path/Frameworks",
				);
				PRODUCT_BUNDLE_IDENTIFIER = com.mikan.MikanRemote;
				SDKROOT = iphoneos;
				SWIFT_VERSION = 5.9;
				TARGETED_DEVICE_FAMILY = "1,2";
			};
			name = Debug;
		};
		C42BF3AC1E3672405F41CB8D /* Release */ = {
			isa = XCBuildConfiguration;
			buildSettings = {
				ALWAYS_SEARCH_USER_PATHS = NO;
				CLANG_ANALYZER_NONNULL = YES;
				CLANG_ANALYZER_NUMBER_OBJECT_CONVERSION = YES_AGGRESSIVE;
				CLANG_CXX_LANGUAGE_STANDARD = "gnu++14";
				CLANG_CXX_LIBRARY = "libc++";
				CLANG_ENABLE_MODULES = YES;
				CLANG_ENABLE_OBJC_ARC = YES;
				CLANG_ENABLE_OBJC_WEAK = YES;
				CLANG_WARN_BLOCK_CAPTURE_AUTORELEASING = YES;
				CLANG_WARN_BOOL_CONVERSION = YES;
				CLANG_WARN_COMMA = YES;
				CLANG_WARN_CONSTANT_CONVERSION = YES;
				CLANG_WARN_DEPRECATED_OBJC_IMPLEMENTATIONS = YES;
				CLANG_WARN_DIRECT_OBJC_ISA_USAGE = YES_ERROR;
				CLANG_WARN_DOCUMENTATION_COMMENTS = YES;
				CLANG_WARN_EMPTY_BODY = YES;
				CLANG_WARN_ENUM_CONVERSION = YES;
				CLANG_WARN_INFINITE_RECURSION = YES;
				CLANG_WARN_INT_CONVERSION = YES;
				CLANG_WARN_NON_LITERAL_NULL_CONVERSION = YES;
				CLANG_WARN_OBJC_IMPLICIT_RETAIN_SELF = YES;
				CLANG_WARN_OBJC_LITERAL_CONVERSION = YES;
				CLANG_WARN_OBJC_ROOT_CLASS = YES_ERROR;
				CLANG_WARN_QUOTED_INCLUDE_IN_FRAMEWORK_HEADER = YES;
				CLANG_WARN_RANGE_LOOP_ANALYSIS = YES;
				CLANG_WARN_STRICT_PROTOTYPES = YES;
				CLANG_WARN_SUSPICIOUS_MOVE = YES;
				CLANG_WARN_UNGUARDED_AVAILABILITY = YES_AGGRESSIVE;
				CLANG_WARN_UNREACHABLE_CODE = YES;
				CLANG_WARN__DUPLICATE_METHOD_MATCH = YES;
				COPY_PHASE_STRIP = NO;
				DEBUG_INFORMATION_FORMAT = "dwarf-with-dsym";
				ENABLE_NS_ASSERTIONS = NO;
				ENABLE_STRICT_OBJC_MSGSEND = YES;
				GCC_C_LANGUAGE_STANDARD = gnu11;
				GCC_NO_COMMON_BLOCKS = YES;
				GCC_WARN_64_TO_32_BIT_CONVERSION = YES;
				GCC_WARN_ABOUT_RETURN_TYPE = YES_ERROR;
				GCC_WARN_UNDECLARED_SELECTOR = YES;
				GCC_WARN_UNINITIALIZED_AUTOS = YES_AGGRESSIVE;
				GCC_WARN_UNUSED_FUNCTION = YES;
				GCC_WARN_UNUSED_VARIABLE = YES;
				IPHONEOS_DEPLOYMENT_TARGET = 17.0;
				MTL_ENABLE_DEBUG_INFO = NO;
				MTL_FAST_MATH = YES;
				PRODUCT_NAME = "$(TARGET_NAME)";
				SDKROOT = iphoneos;
				SWIFT_COMPILATION_MODE = wholemodule;
				SWIFT_OPTIMIZATION_LEVEL = "-O";
				SWIFT_VERSION = 5.0;
			};
			name = Release;
		};
		E222B139BAC7B0BD49A69A36 /* Debug */ = {
			isa = XCBuildConfiguration;
			buildSettings = {
				ALWAYS_SEARCH_USER_PATHS = NO;
				CLANG_ANALYZER_NONNULL = YES;
				CLANG_ANALYZER_NUMBER_OBJECT_CONVERSION = YES_AGGRESSIVE;
				CLANG_CXX_LANGUAGE_STANDARD = "gnu++14";
				CLANG_CXX_LIBRARY = "libc++";
				CLANG_ENABLE_MODULES = YES;
				CLANG_ENABLE_OBJC_ARC = YES;
				CLANG_ENABLE_OBJC_WEAK = YES;
				CLANG_WARN_BLOCK_CAPTURE_AUTORELEASING = YES;
				CLANG_WARN_BOOL_CONVERSION = YES;
				CLANG_WARN_COMMA = YES;
				CLANG_WARN_CONSTANT_CONVERSION = YES;
				CLANG_WARN_DEPRECATED_OBJC_IMPLEMENTATIONS = YES;
				CLANG_WARN_DIRECT_OBJC_ISA_USAGE = YES_ERROR;
				CLANG_WARN_DOCUMENTATION_COMMENTS = YES;
				CLANG_WARN_EMPTY_BODY = YES;
				CLANG_WARN_ENUM_CONVERSION = YES;
				CLANG_WARN_INFINITE_RECURSION = YES;
				CLANG_WARN_INT_CONVERSION = YES;
				CLANG_WARN_NON_LITERAL_NULL_CONVERSION = YES;
				CLANG_WARN_OBJC_IMPLICIT_RETAIN_SELF = YES;
				CLANG_WARN_OBJC_LITERAL_CONVERSION = YES;
				CLANG_WARN_OBJC_ROOT_CLASS = YES_ERROR;
				CLANG_WARN_QUOTED_INCLUDE_IN_FRAMEWORK_HEADER = YES;
				CLANG_WARN_RANGE_LOOP_ANALYSIS = YES;
				CLANG_WARN_STRICT_PROTOTYPES = YES;
				CLANG_WARN_SUSPICIOUS_MOVE = YES;
				CLANG_WARN_UNGUARDED_AVAILABILITY = YES_AGGRESSIVE;
				CLANG_WARN_UNREACHABLE_CODE = YES;
				CLANG_WARN__DUPLICATE_METHOD_MATCH = YES;
				COPY_PHASE_STRIP = NO;
				DEBUG_INFORMATION_FORMAT = dwarf;
				ENABLE_STRICT_OBJC_MSGSEND = YES;
				ENABLE_TESTABILITY = YES;
				GCC_C_LANGUAGE_STANDARD = gnu11;
				GCC_DYNAMIC_NO_PIC = NO;
				GCC_NO_COMMON_BLOCKS = YES;
				GCC_OPTIMIZATION_LEVEL = 0;
				GCC_PREPROCESSOR_DEFINITIONS = (
					"$(inherited)",
					"DEBUG=1",
				);
				GCC_WARN_64_TO_32_BIT_CONVERSION = YES;
				GCC_WARN_ABOUT_RETURN_TYPE = YES_ERROR;
				GCC_WARN_UNDECLARED_SELECTOR = YES;
				GCC_WARN_UNINITIALIZED_AUTOS = YES_AGGRESSIVE;
				GCC_WARN_UNUSED_FUNCTION = YES;
				GCC_WARN_UNUSED_VARIABLE = YES;
				IPHONEOS_DEPLOYMENT_TARGET = 17.0;
				MTL_ENABLE_DEBUG_INFO = INCLUDE_SOURCE;
				MTL_FAST_MATH = YES;
				ONLY_ACTIVE_ARCH = YES;
				PRODUCT_NAME = "$(TARGET_NAME)";
				SDKROOT = iphoneos;
				SWIFT_ACTIVE_COMPILATION_CONDITIONS = DEBUG;
				SWIFT_OPTIMIZATION_LEVEL = "-Onone";
				SWIFT_VERSION = 5.0;
			};
			name = Debug;
		};
/* End XCBuildConfiguration section */

/* Begin XCConfigurationList section */
		88291F44BEF1A3C56C73B235 /* Build configuration list for PBXProject "MikanRemote" */ = {
			isa = XCConfigurationList;
			buildConfigurations = (
				E222B139BAC7B0BD49A69A36 /* Debug */,
				C42BF3AC1E3672405F41CB8D /* Release */,
			);
			defaultConfigurationIsVisible = 0;
			defaultConfigurationName = Debug;
		};
		D109220981829E92FD594B44 /* Build configuration list for PBXNativeTarget "MikanRemote" */ = {
			isa = XCConfigurationList;
			buildConfigurations = (
				A7E476E30A00C72854064720 /* Debug */,
				5E1D03F434DD46EC00CE2886 /* Release */,
			);
			defaultConfigurationIsVisible = 0;
			defaultConfigurationName = Debug;
		};
/* End XCConfigurationList section */

/* Begin XCLocalSwiftPackageReference section */
		DE4EFE2949918DF2999ED141 /* XCLocalSwiftPackageReference "../MikanProtocol" */ = {
			isa = XCLocalSwiftPackageReference;
			relativePath = ../MikanProtocol;
		};
/* End XCLocalSwiftPackageReference section */

/* Begin XCSwiftPackageProductDependency section */
		92F7A56EF7DDFA61E02BE4F9 /* MikanProtocol */ = {
			isa = XCSwiftPackageProductDependency;
			productName = MikanProtocol;
		};
/* End XCSwiftPackageProductDependency section */
	};
	rootObject = 317C3FB5B21AB3351F106C34 /* Project object */;
}
